
Microsoft Visual Studio Solution File, Format Version 12.00
# Visual Studio Version 16
VisualStudioVersion = 16.0.31005.135
MinimumVisualStudioVersion = 10.0.40219.1
Project("{FAE04EC0-301F-11D3-BF4B-00C04F79EFBC}") = "ProcessViewerTestApp", "ProcessViewerTestApp\ProcessViewerTestApp.csproj", "{8E5E27B6-60EA-4C9C-8486-91F80AF845A5}"
EndProject
Global
	GlobalSection(SolutionConfigurationPlatforms) = preSolution
		Debug|Any CPU = Debug|Any CPU
		Release|Any CPU = Release|Any CPU
	EndGlobalSection
	GlobalSection(ProjectConfigurationPlatforms) = postSolution
		{8E5E27B6-60EA-4C9C-8486-91F80AF845A5}.Debug|Any CPU.ActiveCfg = Debug|Any CPU
		{8E5E27B6-60EA-4C9C-8486-91F80AF845A5}.Debug|Any CPU.Build.0 = Debug|Any CPU
		{8E5E27B6-60EA-4C9C-8486-91F80AF845A5}.Release|Any CPU.ActiveCfg = Release|Any CPU
		{8E5E27B6-60EA-4C9C-8486-91F80AF845A5}.Release|Any CPU.Build.0 = Release|Any CPU
	EndGlobalSection
	GlobalSection(SolutionProperties) = preSolution
		HideSolutionNode = FALSE
	EndGlobalSection
	GlobalSection(ExtensibilityGlobals) = postSolution
		SolutionGuid = {72DE011A-5B82-41F4-84CB-E4813E4AFDC7}
	EndGlobalSection
EndGlobal
